
Microsoft Visual Studio Solution File, Format Version 12.00
# Visual Studio Version 17
VisualStudioVersion = 17.9.34616.47
MinimumVisualStudioVersion = 10.0.40219.1
Project("{9A19103F-16F7-4668-BE54-9A1E7A4F7556}") = "HW02", "HW02\HW02.csproj", "{5BC8E148-4008-4224-86DD-BE3C8CE0BE9B}"
EndProject
Project("{2150E333-8FDC-42A3-9474-1A3956D46DE8}") = "方案項目", "方案項目", "{CBDDFB05-8EF9-4501-B70D-CA8F78830082}"
EndProject
Global
	GlobalSection(SolutionConfigurationPlatforms) = preSolution
		Debug|Any CPU = Debug|Any CPU
		Release|Any CPU = Release|Any CPU
	EndGlobalSection
	GlobalSection(ProjectConfigurationPlatforms) = postSolution
		{5BC8E148-4008-4224-86DD-BE3C8CE0BE9B}.Debug|Any CPU.ActiveCfg = Debug|Any CPU
		{5BC8E148-4008-4224-86DD-BE3C8CE0BE9B}.Debug|Any CPU.Build.0 = Debug|Any CPU
		{5BC8E148-4008-4224-86DD-BE3C8CE0BE9B}.Release|Any CPU.ActiveCfg = Release|Any CPU
		{5BC8E148-4008-4224-86DD-BE3C8CE0BE9B}.Release|Any CPU.Build.0 = Release|Any CPU
	EndGlobalSection
	GlobalSection(SolutionProperties) = preSolution
		HideSolutionNode = FALSE
	EndGlobalSection
	GlobalSection(ExtensibilityGlobals) = postSolution
		SolutionGuid = {DA6BC6A2-B904-4E29-8D7E-9C5FDBCD6B56}
	EndGlobalSection
EndGlobal
