
Microsoft Visual Studio Solution File, Format Version 12.00
# Visual Studio Version 17
VisualStudioVersion = 17.9.34616.47
MinimumVisualStudioVersion = 10.0.40219.1
Project("{9A19103F-16F7-4668-BE54-9A1E7A4F7556}") = "HW03", "HW03\HW03.csproj", "{883F0F47-AE5B-4B7D-BF24-9337AE21B077}"
EndProject
Project("{2150E333-8FDC-42A3-9474-1A3956D46DE8}") = "方案項目", "方案項目", "{CD973136-E8F7-440D-B8CA-1A16A63AD039}"
	ProjectSection(SolutionItems) = preProject
		..\..\..\Downloads\kirito.png = ..\..\..\Downloads\kirito.png
	EndProjectSection
EndProject
Global
	GlobalSection(SolutionConfigurationPlatforms) = preSolution
		Debug|Any CPU = Debug|Any CPU
		Release|Any CPU = Release|Any CPU
	EndGlobalSection
	GlobalSection(ProjectConfigurationPlatforms) = postSolution
		{883F0F47-AE5B-4B7D-BF24-9337AE21B077}.Debug|Any CPU.ActiveCfg = Debug|Any CPU
		{883F0F47-AE5B-4B7D-BF24-9337AE21B077}.Debug|Any CPU.Build.0 = Debug|Any CPU
		{883F0F47-AE5B-4B7D-BF24-9337AE21B077}.Release|Any CPU.ActiveCfg = Release|Any CPU
		{883F0F47-AE5B-4B7D-BF24-9337AE21B077}.Release|Any CPU.Build.0 = Release|Any CPU
	EndGlobalSection
	GlobalSection(SolutionProperties) = preSolution
		HideSolutionNode = FALSE
	EndGlobalSection
	GlobalSection(ExtensibilityGlobals) = postSolution
		SolutionGuid = {1E11A892-BE3C-48BE-ADED-E20B54137826}
	EndGlobalSection
EndGlobal
